<?xml version="1.0" encoding="UTF-8"?>
<Project ToolsVersion="12.0" xmlns="http://schemas.microsoft.com/developer/msbuild/2003">
  <ItemGroup>
    <ClCompile Include="E:\RayTracing\GPUPathTracing\lib\freeglut-3.0.0\progs\demos\Lorenz\lorenz.c">
      <Filter>Source Files</Filter>
    </ClCompile>
  </ItemGroup>
  <ItemGroup>
    <CustomBuild Include="E:\RayTracing\GPUPathTracing\lib\freeglut-3.0.0\CMakeLists.txt" />
  </ItemGroup>
  <ItemGroup>
    <Filter Include="Source Files">
      <UniqueIdentifier>{F9D94D0B-F6E8-342F-B111-09F003738827}</UniqueIdentifier>
    </Filter>
  </ItemGroup>
</Project>
